Microsoft Visual Studio Solution File, Format Version 12.00
# Visual Studio 2012
Project("{FAE04EC0-301F-11D3-BF4B-00C04F79EFBC}") = "SongPrompter", "SongPrompter.csproj", "{02621EB1-CE8D-44FA-9378-62E4E9F22D0F}"
EndProject
Global
	GlobalSection(SolutionConfigurationPlatforms) = preSolution
	Debug|Any CPU = Debug|Any CPU
	ExportDebug|Any CPU = ExportDebug|Any CPU
	ExportRelease|Any CPU = ExportRelease|Any CPU
	EndGlobalSection
	GlobalSection(ProjectConfigurationPlatforms) = postSolution
		{02621EB1-CE8D-44FA-9378-62E4E9F22D0F}.Debug|Any CPU.ActiveCfg = Debug|Any CPU
		{02621EB1-CE8D-44FA-9378-62E4E9F22D0F}.Debug|Any CPU.Build.0 = Debug|Any CPU
		{02621EB1-CE8D-44FA-9378-62E4E9F22D0F}.ExportDebug|Any CPU.ActiveCfg = ExportDebug|Any CPU
		{02621EB1-CE8D-44FA-9378-62E4E9F22D0F}.ExportDebug|Any CPU.Build.0 = ExportDebug|Any CPU
		{02621EB1-CE8D-44FA-9378-62E4E9F22D0F}.ExportRelease|Any CPU.ActiveCfg = ExportRelease|Any CPU
		{02621EB1-CE8D-44FA-9378-62E4E9F22D0F}.ExportRelease|Any CPU.Build.0 = ExportRelease|Any CPU
	EndGlobalSection
EndGlobal
